// !$*UTF8*$!
{
	archiveVersion = 1;
	classes = {
	};
	objectVersion = 46;
	objects = {

/* Begin PBXBuildFile section */
		443D59B81CE0D67D00A49FF2 /* SLE.cpp in Sources */ = {isa = PBXBuildFile; fileRef = 443D59B51CE0D67D00A49FF2 /* SLE.cpp */; };
		443D59B91CE0D67D00A49FF2 /* matrix.cpp in Sources */ = {isa = PBXBuildFile; fileRef = 443D59B71CE0D67D00A49FF2 /* matrix.cpp */; };
		4464ACE21CD93C5500BA0597 /* main.cpp in Sources */ = {isa = PBXBuildFile; fileRef = 4464ACE11CD93C5500BA0597 /* main.cpp */; };
/* End PBXBuildFile section */

/* Begin PBXCopyFilesBuildPhase section */
		4464ACDC1CD93C5500BA0597 /* CopyFiles */ = {
			isa = PBXCopyFilesBuildPhase;
			buildActionMask = 2147483647;
			dstPath = /usr/share/man/man1/;
			dstSubfolderSpec = 0;
			files = (
			);
			runOnlyForDeploymentPostprocessing = 1;
		};
/* End PBXCopyFilesBuildPhase section */

/* Begin PBXFileReference section */
		443D59B41CE0D67D00A49FF2 /* SLE.h */ = {isa = PBXFileReference; fileEncoding = 4; lastKnownFileType = sourcecode.c.h; path = SLE.h; sourceTree = "<group>"; };
		443D59B51CE0D67D00A49FF2 /* SLE.cpp */ = {isa = PBXFileReference; fileEncoding = 4; lastKnownFileType = sourcecode.cpp.cpp; path = SLE.cpp; sourceTree = "<group>"; };
		443D59B61CE0D67D00A49FF2 /* matrix.hpp */ = {isa = PBXFileReference; fileEncoding = 4; lastKnownFileType = sourcecode.cpp.h; path = matrix.hpp; sourceTree = "<group>"; };
		443D59B71CE0D67D00A49FF2 /* matrix.cpp */ = {isa = PBXFileReference; fileEncoding = 4; lastKnownFileType = sourcecode.cpp.cpp; path = matrix.cpp; sourceTree = "<group>"; };
		4464ACDE1CD93C5500BA0597 /* cp_4_13 */ = {isa = PBXFileReference; explicitFileType = "compiled.mach-o.executable"; includeInIndex = 0; path = cp_4_13; sourceTree = BUILT_PRODUCTS_DIR; };
		4464ACE11CD93C5500BA0597 /* main.cpp */ = {isa = PBXFileReference; lastKnownFileType = sourcecode.cpp.cpp; path = main.cpp; sourceTree = "<group>"; };
/* End PBXFileReference section */

/* Begin PBXFrameworksBuildPhase section */
		4464ACDB1CD93C5500BA0597 /* Frameworks */ = {
			isa = PBXFrameworksBuildPhase;
			buildActionMask = 2147483647;
			files = (
			);
			runOnlyForDeploymentPostprocessing = 0;
		};
/* End PBXFrameworksBuildPhase section */

/* Begin PBXGroup section */
		4464ACD51CD93C5500BA0597 = {
			isa = PBXGroup;
			children = (
				4464ACE01CD93C5500BA0597 /* cp_4_13 */,
				4464ACDF1CD93C5500BA0597 /* Products */,
			);
			sourceTree = "<group>";
		};
		4464ACDF1CD93C5500BA0597 /* Products */ = {
			isa = PBXGroup;
			children = (
				4464ACDE1CD93C5500BA0597 /* cp_4_13 */,
			);
			name = Products;
			sourceTree = "<group>";
		};
		4464ACE01CD93C5500BA0597 /* cp_4_13 */ = {
			isa = PBXGroup;
			children = (
				443D59B41CE0D67D00A49FF2 /* SLE.h */,
				443D59B51CE0D67D00A49FF2 /* SLE.cpp */,
				443D59B61CE0D67D00A49FF2 /* matrix.hpp */,
				443D59B71CE0D67D00A49FF2 /* matrix.cpp */,
				4464ACE11CD93C5500BA0597 /* main.cpp */,
			);
			path = cp_4_13;
			sourceTree = "<group>";
		};
/* End PBXGroup section */

/* Begin PBXNativeTarget section */
		4464ACDD1CD93C5500BA0597 /* cp_4_13 */ = {
			isa = PBXNativeTarget;
			buildConfigurationList = 4464ACE51CD93C5500BA0597 /* Build configuration list for PBXNativeTarget "cp_4_13" */;
			buildPhases = (
				4464ACDA1CD93C5500BA0597 /* Sources */,
				4464ACDB1CD93C5500BA0597 /* Frameworks */,
				4464ACDC1CD93C5500BA0597 /* CopyFiles */,
			);
			buildRules = (
			);
			dependencies = (
			);
			name = cp_4_13;
			productName = cp_4_13;
			productReference = 4464ACDE1CD93C5500BA0597 /* cp_4_13 */;
			productType = "com.apple.product-type.tool";
		};
/* End PBXNativeTarget section */

/* Begin PBXProject section */
		4464ACD61CD93C5500BA0597 /* Project object */ = {
			isa = PBXProject;
			attributes = {
				LastUpgradeCheck = 0730;
				ORGANIZATIONNAME = "Nikolay Tikhonov";
				TargetAttributes = {
					4464ACDD1CD93C5500BA0597 = {
						CreatedOnToolsVersion = 7.3;
					};
				};
			};
			buildConfigurationList = 4464ACD91CD93C5500BA0597 /* Build configuration list for PBXProject "cp_4_13" */;
			compatibilityVersion = "Xcode 3.2";
			developmentRegion = English;
			hasScannedForEncodings = 0;
			knownRegions = (
				en,
			);
			mainGroup = 4464ACD51CD93C5500BA0597;
			productRefGroup = 4464ACDF1CD93C5500BA0597 /* Products */;
			projectDirPath = "";
			projectRoot = "";
			targets = (
				4464ACDD1CD93C5500BA0597 /* cp_4_13 */,
			);
		};
/* End PBXProject section */

/* Begin PBXSourcesBuildPhase section */
		4464ACDA1CD93C5500BA0597 /* Sources */ = {
			isa = PBXSourcesBuildPhase;
			buildActionMask = 2147483647;
			files = (
				443D59B81CE0D67D00A49FF2 /* SLE.cpp in Sources */,
				4464ACE21CD93C5500BA0597 /* main.cpp in Sources */,
				443D59B91CE0D67D00A49FF2 /* matrix.cpp in Sources */,
			);
			runOnlyForDeploymentPostprocessing = 0;
		};
/* End PBXSourcesBuildPhase section */

/* Begin XCBuildConfiguration section */
		4464ACE31CD93C5500BA0597 /* Debug */ = {
			isa = XCBuildConfiguration;
			buildSettings = {
				ALWAYS_SEARCH_USER_PATHS = NO;
				CLANG_ANALYZER_NONNULL = YES;
				CLANG_CXX_LANGUAGE_STANDARD = "gnu++0x";
				CLANG_CXX_LIBRARY = "libc++";
				CLANG_ENABLE_MODULES = YES;
				CLANG_ENABLE_OBJC_ARC = YES;
				CLANG_WARN_BOOL_CONVERSION = YES;
				CLANG_WARN_CONSTANT_CONVERSION = YES;
				CLANG_WARN_DIRECT_OBJC_ISA_USAGE = YES_ERROR;
				CLANG_WARN_EMPTY_BODY = YES;
				CLANG_WARN_ENUM_CONVERSION = YES;
				CLANG_WARN_INT_CONVERSION = YES;
				CLANG_WARN_OBJC_ROOT_CLASS = YES_ERROR;
				CLANG_WARN_UNREACHABLE_CODE = YES;
				CLANG_WARN__DUPLICATE_METHOD_MATCH = YES;
				CODE_SIGN_IDENTITY = "-";
				COPY_PHASE_STRIP = NO;
				DEBUG_INFORMATION_FORMAT = dwarf;
				ENABLE_STRICT_OBJC_MSGSEND = YES;
				ENABLE_TESTABILITY = YES;
				GCC_C_LANGUAGE_STANDARD = gnu99;
				GCC_DYNAMIC_NO_PIC = NO;
				GCC_NO_COMMON_BLOCKS = YES;
				GCC_OPTIMIZATION_LEVEL = 0;
				GCC_PREPROCESSOR_DEFINITIONS = (
					"DEBUG=1",
					"$(inherited)",
				);
				GCC_WARN_64_TO_32_BIT_CONVERSION = YES;
				GCC_WARN_ABOUT_RETURN_TYPE = YES_ERROR;
				GCC_WARN_UNDECLARED_SELECTOR = YES;
				GCC_WARN_UNINITIALIZED_AUTOS = YES_AGGRESSIVE;
				GCC_WARN_UNUSED_FUNCTION = YES;
				GCC_WARN_UNUSED_VARIABLE = YES;
				MACOSX_DEPLOYMENT_TARGET = 10.11;
				MTL_ENABLE_DEBUG_INFO = YES;
				ONLY_ACTIVE_ARCH = YES;
				SDKROOT = macosx;
			};
			name = Debug;
		};
		4464ACE41CD93C5500BA0597 /* Release */ = {
			isa = XCBuildConfiguration;
			buildSettings = {
				ALWAYS_SEARCH_USER_PATHS = NO;
				CLANG_ANALYZER_NONNULL = YES;
				CLANG_CXX_LANGUAGE_STANDARD = "gnu++0x";
				CLANG_CXX_LIBRARY = "libc++";
				CLANG_ENABLE_MODULES = YES;
				CLANG_ENABLE_OBJC_ARC = YES;
				CLANG_WARN_BOOL_CONVERSION = YES;
				CLANG_WARN_CONSTANT_CONVERSION = YES;
				CLANG_WARN_DIRECT_OBJC_ISA_USAGE = YES_ERROR;
				CLANG_WARN_EMPTY_BODY = YES;
				CLANG_WARN_ENUM_CONVERSION = YES;
				CLANG_WARN_INT_CONVERSION = YES;
				CLANG_WARN_OBJC_ROOT_CLASS = YES_ERROR;
				CLANG_WARN_UNREACHABLE_CODE = YES;
				CLANG_WARN__DUPLICATE_METHOD_MATCH = YES;
				CODE_SIGN_IDENTITY = "-";
				COPY_PHASE_STRIP = NO;
				DEBUG_INFORMATION_FORMAT = "dwarf-with-dsym";
				ENABLE_NS_ASSERTIONS = NO;
				ENABLE_STRICT_OBJC_MSGSEND = YES;
				GCC_C_LANGUAGE_STANDARD = gnu99;
				GCC_NO_COMMON_BLOCKS = YES;
				GCC_WARN_64_TO_32_BIT_CONVERSION = YES;
				GCC_WARN_ABOUT_RETURN_TYPE = YES_ERROR;
				GCC_WARN_UNDECLARED_SELECTOR = YES;
				GCC_WARN_UNINITIALIZED_AUTOS = YES_AGGRESSIVE;
				GCC_WARN_UNUSED_FUNCTION = YES;
				GCC_WARN_UNUSED_VARIABLE = YES;
				MACOSX_DEPLOYMENT_TARGET = 10.11;
				MTL_ENABLE_DEBUG_INFO = NO;
				SDKROOT = macosx;
			};
			name = Release;
		};
		4464ACE61CD93C5500BA0597 /* Debug */ = {
			isa = XCBuildConfiguration;
			buildSettings = {
				PRODUCT_NAME = "$(TARGET_NAME)";
			};
			name = Debug;
		};
		4464ACE71CD93C5500BA0597 /* Release */ = {
			isa = XCBuildConfiguration;
			buildSettings = {
				PRODUCT_NAME = "$(TARGET_NAME)";
			};
			name = Release;
		};
/* End XCBuildConfiguration section */

/* Begin XCConfigurationList section */
		4464ACD91CD93C5500BA0597 /* Build configuration list for PBXProject "cp_4_13" */ = {
			isa = XCConfigurationList;
			buildConfigurations = (
				4464ACE31CD93C5500BA0597 /* Debug */,
				4464ACE41CD93C5500BA0597 /* Release */,
			);
			defaultConfigurationIsVisible = 0;
			defaultConfigurationName = Release;
		};
		4464ACE51CD93C5500BA0597 /* Build configuration list for PBXNativeTarget "cp_4_13" */ = {
			isa = XCConfigurationList;
			buildConfigurations = (
				4464ACE61CD93C5500BA0597 /* Debug */,
				4464ACE71CD93C5500BA0597 /* Release */,
			);
			defaultConfigurationIsVisible = 0;
			defaultConfigurationName = Release;
		};
/* End XCConfigurationList section */
	};
	rootObject = 4464ACD61CD93C5500BA0597 /* Project object */;
}
